// !$*UTF8*$!
{
	archiveVersion = 1;
	classes = {
	};
	objectVersion = 46;
	objects = {

/* Begin PBXBuildFile section */
		6D94A24516D47CFC00F022FF /* SetupViewController.m in Sources */ = {isa = PBXBuildFile; fileRef = 6D94A24416D47CFC00F022FF /* SetupViewController.m */; };
		6D94A25816D4D56700F022FF /* DCRoundSwitch.m in Sources */ = {isa = PBXBuildFile; fileRef = 6D94A25116D4D56700F022FF /* DCRoundSwitch.m */; };
		6D94A25916D4D56700F022FF /* DCRoundSwitchKnobLayer.m in Sources */ = {isa = PBXBuildFile; fileRef = 6D94A25316D4D56700F022FF /* DCRoundSwitchKnobLayer.m */; };
		6D94A25A16D4D56700F022FF /* DCRoundSwitchOutlineLayer.m in Sources */ = {isa = PBXBuildFile; fileRef = 6D94A25516D4D56700F022FF /* DCRoundSwitchOutlineLayer.m */; };
		6D94A25B16D4D56700F022FF /* DCRoundSwitchToggleLayer.m in Sources */ = {isa = PBXBuildFile; fileRef = 6D94A25716D4D56700F022FF /* DCRoundSwitchToggleLayer.m */; };
		6DF7DBEF16D375D500447982 /* UIKit.framework in Frameworks */ = {isa = PBXBuildFile; fileRef = 6DF7DBEE16D375D500447982 /* UIKit.framework */; };
		6DF7DBF116D375D500447982 /* Foundation.framework in Frameworks */ = {isa = PBXBuildFile; fileRef = 6DF7DBF016D375D500447982 /* Foundation.framework */; };
		6DF7DBF316D375D500447982 /* CoreGraphics.framework in Frameworks */ = {isa = PBXBuildFile; fileRef = 6DF7DBF216D375D500447982 /* CoreGraphics.framework */; };
		6DF7DBF916D375D500447982 /* InfoPlist.strings in Resources */ = {isa = PBXBuildFile; fileRef = 6DF7DBF716D375D500447982 /* InfoPlist.strings */; };
		6DF7DBFB16D375D500447982 /* main.m in Sources */ = {isa = PBXBuildFile; fileRef = 6DF7DBFA16D375D500447982 /* main.m */; };
		6DF7DBFF16D375D500447982 /* AppDelegate.m in Sources */ = {isa = PBXBuildFile; fileRef = 6DF7DBFE16D375D500447982 /* AppDelegate.m */; };
		6DF7DF8316D3770300447982 /* blackArrow.png in Resources */ = {isa = PBXBuildFile; fileRef = 6DF7DE9116D3770200447982 /* blackArrow.png */; };
		6DF7DF8416D3770300447982 /* blackArrow@2x.png in Resources */ = {isa = PBXBuildFile; fileRef = 6DF7DE9216D3770200447982 /* blackArrow@2x.png */; };
		6DF7DF8516D3770300447982 /* blueArrow.png in Resources */ = {isa = PBXBuildFile; fileRef = 6DF7DE9316D3770200447982 /* blueArrow.png */; };
		6DF7DF8616D3770300447982 /* blueArrow@2x.png in Resources */ = {isa = PBXBuildFile; fileRef = 6DF7DE9416D3770200447982 /* blueArrow@2x.png */; };
		6DF7DF8716D3770300447982 /* EGORefreshTableFooterView.m in Sources */ = {isa = PBXBuildFile; fileRef = 6DF7DE9616D3770200447982 /* EGORefreshTableFooterView.m */; };
		6DF7DF8816D3770300447982 /* EGORefreshTableHeaderView.m in Sources */ = {isa = PBXBuildFile; fileRef = 6DF7DE9816D3770200447982 /* EGORefreshTableHeaderView.m */; };
		6DF7DF8916D3770300447982 /* grayArrow.png in Resources */ = {isa = PBXBuildFile; fileRef = 6DF7DE9A16D3770200447982 /* grayArrow.png */; };
		6DF7DF8A16D3770300447982 /* grayArrow@2x.png in Resources */ = {isa = PBXBuildFile; fileRef = 6DF7DE9B16D3770200447982 /* grayArrow@2x.png */; };
		6DF7DF8B16D3770300447982 /* whiteArrow.png in Resources */ = {isa = PBXBuildFile; fileRef = 6DF7DE9C16D3770200447982 /* whiteArrow.png */; };
		6DF7DF8C16D3770300447982 /* whiteArrow@2x.png in Resources */ = {isa = PBXBuildFile; fileRef = 6DF7DE9D16D3770200447982 /* whiteArrow@2x.png */; };
		6DF7DF8D16D3770300447982 /* NSObject+JSON.m in Sources */ = {isa = PBXBuildFile; fileRef = 6DF7DEA116D3770200447982 /* NSObject+JSON.m */; };
		6DF7DF8E16D3770300447982 /* NSString+URLEncoding.m in Sources */ = {isa = PBXBuildFile; fileRef = 6DF7DEA316D3770200447982 /* NSString+URLEncoding.m */; };
		6DF7DF8F16D3770300447982 /* SBJsonParser.m in Sources */ = {isa = PBXBuildFile; fileRef = 6DF7DEA516D3770200447982 /* SBJsonParser.m */; };
		6DF7DF9016D3770300447982 /* SBJsonStreamParser.m in Sources */ = {isa = PBXBuildFile; fileRef = 6DF7DEA716D3770200447982 /* SBJsonStreamParser.m */; };
		6DF7DF9116D3770300447982 /* SBJsonStreamParserAdapter.m in Sources */ = {isa = PBXBuildFile; fileRef = 6DF7DEA916D3770200447982 /* SBJsonStreamParserAdapter.m */; };
		6DF7DF9216D3770300447982 /* SBJsonStreamParserState.m in Sources */ = {isa = PBXBuildFile; fileRef = 6DF7DEAB16D3770200447982 /* SBJsonStreamParserState.m */; };
		6DF7DF9316D3770300447982 /* SBJsonStreamWriter.m in Sources */ = {isa = PBXBuildFile; fileRef = 6DF7DEAD16D3770200447982 /* SBJsonStreamWriter.m */; };
		6DF7DF9416D3770300447982 /* SBJsonStreamWriterState.m in Sources */ = {isa = PBXBuildFile; fileRef = 6DF7DEAF16D3770200447982 /* SBJsonStreamWriterState.m */; };
		6DF7DF9516D3770300447982 /* SBJsonTokeniser.m in Sources */ = {isa = PBXBuildFile; fileRef = 6DF7DEB116D3770200447982 /* SBJsonTokeniser.m */; };
		6DF7DF9616D3770300447982 /* SBJsonWriter.m in Sources */ = {isa = PBXBuildFile; fileRef = 6DF7DEB316D3770200447982 /* SBJsonWriter.m */; };
		6DF7DFA616D3770300447982 /* MBProgressHUD.m in Sources */ = {isa = PBXBuildFile; fileRef = 6DF7DED016D3770200447982 /* MBProgressHUD.m */; };
		6DF7E00416D3770C00447982 /* backbutton.png in Resources */ = {isa = PBXBuildFile; fileRef = 6DF7DFDC16D3770C00447982 /* backbutton.png */; };
		6DF7E00516D3770C00447982 /* backbutton@2x.png in Resources */ = {isa = PBXBuildFile; fileRef = 6DF7DFDD16D3770C00447982 /* backbutton@2x.png */; };
		6DF7E00616D3770C00447982 /* backbuttonclicked.png in Resources */ = {isa = PBXBuildFile; fileRef = 6DF7DFDE16D3770C00447982 /* backbuttonclicked.png */; };
		6DF7E00716D3770C00447982 /* backbuttonclicked@2x.png in Resources */ = {isa = PBXBuildFile; fileRef = 6DF7DFDF16D3770C00447982 /* backbuttonclicked@2x.png */; };
		6DF7E00816D3770C00447982 /* cancelbutton.png in Resources */ = {isa = PBXBuildFile; fileRef = 6DF7DFE016D3770C00447982 /* cancelbutton.png */; };
		6DF7E00916D3770C00447982 /* cancelbutton@2x.png in Resources */ = {isa = PBXBuildFile; fileRef = 6DF7DFE116D3770C00447982 /* cancelbutton@2x.png */; };
		6DF7E00A16D3770C00447982 /* detail_bottomtoolbar_bg.png in Resources */ = {isa = PBXBuildFile; fileRef = 6DF7DFE216D3770C00447982 /* detail_bottomtoolbar_bg.png */; };
		6DF7E00B16D3770C00447982 /* detail_bottomtoolbar_bg@2x.png in Resources */ = {isa = PBXBuildFile; fileRef = 6DF7DFE316D3770C00447982 /* detail_bottomtoolbar_bg@2x.png */; };
		6DF7E00C16D3770C00447982 /* detail_cai.png in Resources */ = {isa = PBXBuildFile; fileRef = 6DF7DFE416D3770C00447982 /* detail_cai.png */; };
		6DF7E00D16D3770C00447982 /* detail_cai@2x.png in Resources */ = {isa = PBXBuildFile; fileRef = 6DF7DFE516D3770C00447982 /* detail_cai@2x.png */; };
		6DF7E00E16D3770C00447982 /* detail_ding.png in Resources */ = {isa = PBXBuildFile; fileRef = 6DF7DFE616D3770C00447982 /* detail_ding.png */; };
		6DF7E00F16D3770C00447982 /* detail_ding@2x.png in Resources */ = {isa = PBXBuildFile; fileRef = 6DF7DFE716D3770C00447982 /* detail_ding@2x.png */; };
		6DF7E01016D3770C00447982 /* detail_toptoolbar.png in Resources */ = {isa = PBXBuildFile; fileRef = 6DF7DFE816D3770C00447982 /* detail_toptoolbar.png */; };
		6DF7E01116D3770C00447982 /* detail_toptoolbar@2x.png in Resources */ = {isa = PBXBuildFile; fileRef = 6DF7DFE916D3770C00447982 /* detail_toptoolbar@2x.png */; };
		6DF7E01216D3770C00447982 /* foottoolbar.png in Resources */ = {isa = PBXBuildFile; fileRef = 6DF7DFEA16D3770C00447982 /* foottoolbar.png */; };
		6DF7E01316D3770C00447982 /* foottoolbar@2x.png in Resources */ = {isa = PBXBuildFile; fileRef = 6DF7DFEB16D3770C00447982 /* foottoolbar@2x.png */; };
		6DF7E01416D3770C00447982 /* foottoolbar_clicked_bg.png in Resources */ = {isa = PBXBuildFile; fileRef = 6DF7DFEC16D3770C00447982 /* foottoolbar_clicked_bg.png */; };
		6DF7E01516D3770C00447982 /* foottoolbar_clicked_bg@2x.png in Resources */ = {isa = PBXBuildFile; fileRef = 6DF7DFED16D3770C00447982 /* foottoolbar_clicked_bg@2x.png */; };
		6DF7E01616D3770C00447982 /* highlight_title_bg.png in Resources */ = {isa = PBXBuildFile; fileRef = 6DF7DFEE16D3770C00447982 /* highlight_title_bg.png */; };
		6DF7E01716D3770C00447982 /* highlight_title_bg@2x.png in Resources */ = {isa = PBXBuildFile; fileRef = 6DF7DFEF16D3770C00447982 /* highlight_title_bg@2x.png */; };
		6DF7E01816D3770C00447982 /* logo.png in Resources */ = {isa = PBXBuildFile; fileRef = 6DF7DFF016D3770C00447982 /* logo.png */; };
		6DF7E01916D3770C00447982 /* logo@2x.png in Resources */ = {isa = PBXBuildFile; fileRef = 6DF7DFF116D3770C00447982 /* logo@2x.png */; };
		6DF7E01A16D3770C00447982 /* pager_indicator_graydot.png in Resources */ = {isa = PBXBuildFile; fileRef = 6DF7DFF216D3770C00447982 /* pager_indicator_graydot.png */; };
		6DF7E01B16D3770C00447982 /* pager_indicator_graydot@2x.png in Resources */ = {isa = PBXBuildFile; fileRef = 6DF7DFF316D3770C00447982 /* pager_indicator_graydot@2x.png */; };
		6DF7E01C16D3770C00447982 /* pager_indicator_whitedot.png in Resources */ = {isa = PBXBuildFile; fileRef = 6DF7DFF416D3770C00447982 /* pager_indicator_whitedot.png */; };
		6DF7E01D16D3770C00447982 /* pager_indicator_whitedot@2x.png in Resources */ = {isa = PBXBuildFile; fileRef = 6DF7DFF516D3770C00447982 /* pager_indicator_whitedot@2x.png */; };
		6DF7E01E16D3770C00447982 /* refreshbutton.png in Resources */ = {isa = PBXBuildFile; fileRef = 6DF7DFF616D3770C00447982 /* refreshbutton.png */; };
		6DF7E01F16D3770C00447982 /* refreshbutton@2x.png in Resources */ = {isa = PBXBuildFile; fileRef = 6DF7DFF716D3770C00447982 /* refreshbutton@2x.png */; };
		6DF7E02016D3770C00447982 /* setupbutton.png in Resources */ = {isa = PBXBuildFile; fileRef = 6DF7DFF816D3770C00447982 /* setupbutton.png */; };
		6DF7E02116D3770C00447982 /* setupbutton@2x.png in Resources */ = {isa = PBXBuildFile; fileRef = 6DF7DFF916D3770C00447982 /* setupbutton@2x.png */; };
		6DF7E02216D3770C00447982 /* share_weibo.png in Resources */ = {isa = PBXBuildFile; fileRef = 6DF7DFFA16D3770C00447982 /* share_weibo.png */; };
		6DF7E02316D3770D00447982 /* share_weibo@2x.png in Resources */ = {isa = PBXBuildFile; fileRef = 6DF7DFFB16D3770C00447982 /* share_weibo@2x.png */; };
		6DF7E02416D3770D00447982 /* share_weixin.png in Resources */ = {isa = PBXBuildFile; fileRef = 6DF7DFFC16D3770C00447982 /* share_weixin.png */; };
		6DF7E02516D3770D00447982 /* share_weixin@2x.png in Resources */ = {isa = PBXBuildFile; fileRef = 6DF7DFFD16D3770C00447982 /* share_weixin@2x.png */; };
		6DF7E02616D3770D00447982 /* sharebutton.png in Resources */ = {isa = PBXBuildFile; fileRef = 6DF7DFFE16D3770C00447982 /* sharebutton.png */; };
		6DF7E02716D3770D00447982 /* sharebutton@2x.png in Resources */ = {isa = PBXBuildFile; fileRef = 6DF7DFFF16D3770C00447982 /* sharebutton@2x.png */; };
		6DF7E02816D3770D00447982 /* toptoolbar.png in Resources */ = {isa = PBXBuildFile; fileRef = 6DF7E00016D3770C00447982 /* toptoolbar.png */; };
		6DF7E02916D3770D00447982 /* toptoolbar@2x.png in Resources */ = {isa = PBXBuildFile; fileRef = 6DF7E00116D3770C00447982 /* toptoolbar@2x.png */; };
		6DF7E02A16D3770D00447982 /* toptoolbar_shadow.png in Resources */ = {isa = PBXBuildFile; fileRef = 6DF7E00216D3770C00447982 /* toptoolbar_shadow.png */; };
		6DF7E02B16D3770D00447982 /* toptoolbar_shadow@2x.png in Resources */ = {isa = PBXBuildFile; fileRef = 6DF7E00316D3770C00447982 /* toptoolbar_shadow@2x.png */; };
		6DF7E02E16D3796100447982 /* NetImageView.m in Sources */ = {isa = PBXBuildFile; fileRef = 6DF7E02D16D3796100447982 /* NetImageView.m */; };
		6DF7E03216D3797700447982 /* MainViewController.m in Sources */ = {isa = PBXBuildFile; fileRef = 6DF7E03116D3797700447982 /* MainViewController.m */; };
		6DF7E04516D3798500447982 /* ArticleDetailViewController.m in Sources */ = {isa = PBXBuildFile; fileRef = 6DF7E03516D3798500447982 /* ArticleDetailViewController.m */; };
		6DF7E04616D3798500447982 /* ImageLoopView.m in Sources */ = {isa = PBXBuildFile; fileRef = 6DF7E03816D3798500447982 /* ImageLoopView.m */; };
		6DF7E04716D3798500447982 /* PagerIndicatorViewController.m in Sources */ = {isa = PBXBuildFile; fileRef = 6DF7E03A16D3798500447982 /* PagerIndicatorViewController.m */; };
		6DF7E04816D3798500447982 /* UIView+FindUIViewController.m in Sources */ = {isa = PBXBuildFile; fileRef = 6DF7E03C16D3798500447982 /* UIView+FindUIViewController.m */; };
		6DF7E04916D3798500447982 /* JiZheViewController.m in Sources */ = {isa = PBXBuildFile; fileRef = 6DF7E03E16D3798500447982 /* JiZheViewController.m */; };
		6DF7E04A16D3798500447982 /* MingXingViewController.m in Sources */ = {isa = PBXBuildFile; fileRef = 6DF7E04016D3798500447982 /* MingXingViewController.m */; };
		6DF7E04B16D3798500447982 /* ShareViewController.m in Sources */ = {isa = PBXBuildFile; fileRef = 6DF7E04216D3798500447982 /* ShareViewController.m */; };
		6DF7E04C16D3798500447982 /* YeJieViewController.m in Sources */ = {isa = PBXBuildFile; fileRef = 6DF7E04416D3798500447982 /* YeJieViewController.m */; };
		6DF7E05016D3799E00447982 /* Default-568h@2x.png in Resources */ = {isa = PBXBuildFile; fileRef = 6DF7E04D16D3799E00447982 /* Default-568h@2x.png */; };
		6DF7E05116D3799E00447982 /* Default.png in Resources */ = {isa = PBXBuildFile; fileRef = 6DF7E04E16D3799E00447982 /* Default.png */; };
		6DF7E05216D3799E00447982 /* Default@2x.png in Resources */ = {isa = PBXBuildFile; fileRef = 6DF7E04F16D3799E00447982 /* Default@2x.png */; };
		6DF7E05516D37A1700447982 /* BaseViewController.m in Sources */ = {isa = PBXBuildFile; fileRef = 6DF7E05416D37A1700447982 /* BaseViewController.m */; };
		6DF7E06C16D382E000447982 /* ASIAuthenticationDialog.m in Sources */ = {isa = PBXBuildFile; fileRef = 6DF7E05716D382E000447982 /* ASIAuthenticationDialog.m */; };
		6DF7E06D16D382E000447982 /* ASIDataCompressor.m in Sources */ = {isa = PBXBuildFile; fileRef = 6DF7E05A16D382E000447982 /* ASIDataCompressor.m */; };
		6DF7E06E16D382E000447982 /* ASIDataDecompressor.m in Sources */ = {isa = PBXBuildFile; fileRef = 6DF7E05C16D382E000447982 /* ASIDataDecompressor.m */; };
		6DF7E06F16D382E000447982 /* ASIDownloadCache.m in Sources */ = {isa = PBXBuildFile; fileRef = 6DF7E05E16D382E000447982 /* ASIDownloadCache.m */; };
		6DF7E07016D382E000447982 /* ASIFormDataRequest.m in Sources */ = {isa = PBXBuildFile; fileRef = 6DF7E06016D382E000447982 /* ASIFormDataRequest.m */; };
		6DF7E07116D382E000447982 /* ASIHTTPRequest.m in Sources */ = {isa = PBXBuildFile; fileRef = 6DF7E06216D382E000447982 /* ASIHTTPRequest.m */; };
		6DF7E07216D382E000447982 /* ASIInputStream.m in Sources */ = {isa = PBXBuildFile; fileRef = 6DF7E06616D382E000447982 /* ASIInputStream.m */; };
		6DF7E07316D382E000447982 /* ASINetworkQueue.m in Sources */ = {isa = PBXBuildFile; fileRef = 6DF7E06816D382E000447982 /* ASINetworkQueue.m */; };
		6DF7E07416D382E000447982 /* Reachability.m in Sources */ = {isa = PBXBuildFile; fileRef = 6DF7E06B16D382E000447982 /* Reachability.m */; };
		6DF7E07E16D3839100447982 /* SinaWeibo.bundle in Resources */ = {isa = PBXBuildFile; fileRef = 6DF7E07616D3839100447982 /* SinaWeibo.bundle */; };
		6DF7E07F16D3839100447982 /* SinaWeibo.m in Sources */ = {isa = PBXBuildFile; fileRef = 6DF7E07816D3839100447982 /* SinaWeibo.m */; };
		6DF7E08016D3839100447982 /* SinaWeiboAuthorizeView.m in Sources */ = {isa = PBXBuildFile; fileRef = 6DF7E07A16D3839100447982 /* SinaWeiboAuthorizeView.m */; };
		6DF7E08116D3839100447982 /* SinaWeiboRequest.m in Sources */ = {isa = PBXBuildFile; fileRef = 6DF7E07D16D3839100447982 /* SinaWeiboRequest.m */; };
		6DF7E08516D3841200447982 /* JSONKit.m in Sources */ = {isa = PBXBuildFile; fileRef = 6DF7E08416D3841200447982 /* JSONKit.m */; };
		6DF7E08716D3848200447982 /* CFNetwork.framework in Frameworks */ = {isa = PBXBuildFile; fileRef = 6DF7E08616D3848200447982 /* CFNetwork.framework */; };
		6DF7E08916D3850300447982 /* libWeChatSDK.a in Frameworks */ = {isa = PBXBuildFile; fileRef = 6DF7E08816D3850300447982 /* libWeChatSDK.a */; };
		6DF7E08B16D3851900447982 /* libWeChatSDK_armv7_armv7s.a in Frameworks */ = {isa = PBXBuildFile; fileRef = 6DF7E08A16D3851900447982 /* libWeChatSDK_armv7_armv7s.a */; };
		6DF7E08D16D3852300447982 /* libz.dylib in Frameworks */ = {isa = PBXBuildFile; fileRef = 6DF7E08C16D3852300447982 /* libz.dylib */; };
		6DF7E08F16D3852A00447982 /* MobileCoreServices.framework in Frameworks */ = {isa = PBXBuildFile; fileRef = 6DF7E08E16D3852A00447982 /* MobileCoreServices.framework */; };
		6DF7E09116D3853200447982 /* QuartzCore.framework in Frameworks */ = {isa = PBXBuildFile; fileRef = 6DF7E09016D3853200447982 /* QuartzCore.framework */; };
		6DF7E09316D3853900447982 /* Security.framework in Frameworks */ = {isa = PBXBuildFile; fileRef = 6DF7E09216D3853900447982 /* Security.framework */; };
		6DF7E09516D3854000447982 /* SystemConfiguration.framework in Frameworks */ = {isa = PBXBuildFile; fileRef = 6DF7E09416D3854000447982 /* SystemConfiguration.framework */; };
/* End PBXBuildFile section */

/* Begin PBXFileReference section */
		6D94A24316D47CFC00F022FF /* SetupViewController.h */ = {isa = PBXFileReference; fileEncoding = 4; lastKnownFileType = sourcecode.c.h; path = SetupViewController.h; sourceTree = "<group>"; };
		6D94A24416D47CFC00F022FF /* SetupViewController.m */ = {isa = PBXFileReference; fileEncoding = 4; lastKnownFileType = sourcecode.c.objc; path = SetupViewController.m; sourceTree = "<group>"; };
		6D94A25016D4D56700F022FF /* DCRoundSwitch.h */ = {isa = PBXFileReference; fileEncoding = 4; lastKnownFileType = sourcecode.c.h; path = DCRoundSwitch.h; sourceTree = "<group>"; };
		6D94A25116D4D56700F022FF /* DCRoundSwitch.m */ = {isa = PBXFileReference; fileEncoding = 4; lastKnownFileType = sourcecode.c.objc; path = DCRoundSwitch.m; sourceTree = "<group>"; };
		6D94A25216D4D56700F022FF /* DCRoundSwitchKnobLayer.h */ = {isa = PBXFileReference; fileEncoding = 4; lastKnownFileType = sourcecode.c.h; path = DCRoundSwitchKnobLayer.h; sourceTree = "<group>"; };
		6D94A25316D4D56700F022FF /* DCRoundSwitchKnobLayer.m */ = {isa = PBXFileReference; fileEncoding = 4; lastKnownFileType = sourcecode.c.objc; path = DCRoundSwitchKnobLayer.m; sourceTree = "<group>"; };
		6D94A25416D4D56700F022FF /* DCRoundSwitchOutlineLayer.h */ = {isa = PBXFileReference; fileEncoding = 4; lastKnownFileType = sourcecode.c.h; path = DCRoundSwitchOutlineLayer.h; sourceTree = "<group>"; };
		6D94A25516D4D56700F022FF /* DCRoundSwitchOutlineLayer.m */ = {isa = PBXFileReference; fileEncoding = 4; lastKnownFileType = sourcecode.c.objc; path = DCRoundSwitchOutlineLayer.m; sourceTree = "<group>"; };
		6D94A25616D4D56700F022FF /* DCRoundSwitchToggleLayer.h */ = {isa = PBXFileReference; fileEncoding = 4; lastKnownFileType = sourcecode.c.h; path = DCRoundSwitchToggleLayer.h; sourceTree = "<group>"; };
		6D94A25716D4D56700F022FF /* DCRoundSwitchToggleLayer.m */ = {isa = PBXFileReference; fileEncoding = 4; lastKnownFileType = sourcecode.c.objc; path = DCRoundSwitchToggleLayer.m; sourceTree = "<group>"; };
		6DF7DBEA16D375D500447982 /* fansbaguabang.app */ = {isa = PBXFileReference; explicitFileType = wrapper.application; includeInIndex = 0; path = fansbaguabang.app; sourceTree = BUILT_PRODUCTS_DIR; };
		6DF7DBEE16D375D500447982 /* UIKit.framework */ = {isa = PBXFileReference; lastKnownFileType = wrapper.framework; name = UIKit.framework; path = System/Library/Frameworks/UIKit.framework; sourceTree = SDKROOT; };
		6DF7DBF016D375D500447982 /* Foundation.framework */ = {isa = PBXFileReference; lastKnownFileType = wrapper.framework; name = Foundation.framework; path = System/Library/Frameworks/Foundation.framework; sourceTree = SDKROOT; };
		6DF7DBF216D375D500447982 /* CoreGraphics.framework */ = {isa = PBXFileReference; lastKnownFileType = wrapper.framework; name = CoreGraphics.framework; path = System/Library/Frameworks/CoreGraphics.framework; sourceTree = SDKROOT; };
		6DF7DBF616D375D500447982 /* fansbaguabang-Info.plist */ = {isa = PBXFileReference; lastKnownFileType = text.plist.xml; path = "fansbaguabang-Info.plist"; sourceTree = "<group>"; };
		6DF7DBF816D375D500447982 /* en */ = {isa = PBXFileReference; lastKnownFileType = text.plist.strings; name = en; path = en.lproj/InfoPlist.strings; sourceTree = "<group>"; };
		6DF7DBFA16D375D500447982 /* main.m */ = {isa = PBXFileReference; lastKnownFileType = sourcecode.c.objc; path = main.m; sourceTree = "<group>"; };
		6DF7DBFC16D375D500447982 /* fansbaguabang-Prefix.pch */ = {isa = PBXFileReference; lastKnownFileType = sourcecode.c.h; path = "fansbaguabang-Prefix.pch"; sourceTree = "<group>"; };
		6DF7DBFD16D375D500447982 /* AppDelegate.h */ = {isa = PBXFileReference; lastKnownFileType = sourcecode.c.h; path = AppDelegate.h; sourceTree = "<group>"; };
		6DF7DBFE16D375D500447982 /* AppDelegate.m */ = {isa = PBXFileReference; lastKnownFileType = sourcecode.c.objc; path = AppDelegate.m; sourceTree = "<group>"; };
		6DF7DE9116D3770200447982 /* blackArrow.png */ = {isa = PBXFileReference; lastKnownFileType = image.png; path = blackArrow.png; sourceTree = "<group>"; };
		6DF7DE9216D3770200447982 /* blackArrow@2x.png */ = {isa = PBXFileReference; lastKnownFileType = image.png; path = "blackArrow@2x.png"; sourceTree = "<group>"; };
		6DF7DE9316D3770200447982 /* blueArrow.png */ = {isa = PBXFileReference; lastKnownFileType = image.png; path = blueArrow.png; sourceTree = "<group>"; };
		6DF7DE9416D3770200447982 /* blueArrow@2x.png */ = {isa = PBXFileReference; lastKnownFileType = image.png; path = "blueArrow@2x.png"; sourceTree = "<group>"; };
		6DF7DE9516D3770200447982 /* EGORefreshTableFooterView.h */ = {isa = PBXFileReference; fileEncoding = 4; lastKnownFileType = sourcecode.c.h; path = EGORefreshTableFooterView.h; sourceTree = "<group>"; };
		6DF7DE9616D3770200447982 /* EGORefreshTableFooterView.m */ = {isa = PBXFileReference; fileEncoding = 4; lastKnownFileType = sourcecode.c.objc; path = EGORefreshTableFooterView.m; sourceTree = "<group>"; };
		6DF7DE9716D3770200447982 /* EGORefreshTableHeaderView.h */ = {isa = PBXFileReference; fileEncoding = 4; lastKnownFileType = sourcecode.c.h; path = EGORefreshTableHeaderView.h; sourceTree = "<group>"; };
		6DF7DE9816D3770200447982 /* EGORefreshTableHeaderView.m */ = {isa = PBXFileReference; fileEncoding = 4; lastKnownFileType = sourcecode.c.objc; path = EGORefreshTableHeaderView.m; sourceTree = "<group>"; };
		6DF7DE9916D3770200447982 /* EGOTableViewPullRefresh.h */ = {isa = PBXFileReference; fileEncoding = 4; lastKnownFileType = sourcecode.c.h; path = EGOTableViewPullRefresh.h; sourceTree = "<group>"; };
		6DF7DE9A16D3770200447982 /* grayArrow.png */ = {isa = PBXFileReference; lastKnownFileType = image.png; path = grayArrow.png; sourceTree = "<group>"; };
		6DF7DE9B16D3770200447982 /* grayArrow@2x.png */ = {isa = PBXFileReference; lastKnownFileType = image.png; path = "grayArrow@2x.png"; sourceTree = "<group>"; };
		6DF7DE9C16D3770200447982 /* whiteArrow.png */ = {isa = PBXFileReference; lastKnownFileType = image.png; path = whiteArrow.png; sourceTree = "<group>"; };
		6DF7DE9D16D3770200447982 /* whiteArrow@2x.png */ = {isa = PBXFileReference; lastKnownFileType = image.png; path = "whiteArrow@2x.png"; sourceTree = "<group>"; };
		6DF7DE9F16D3770200447982 /* JSON.h */ = {isa = PBXFileReference; fileEncoding = 4; lastKnownFileType = sourcecode.c.h; path = JSON.h; sourceTree = "<group>"; };
		6DF7DEA016D3770200447982 /* NSObject+JSON.h */ = {isa = PBXFileReference; fileEncoding = 4; lastKnownFileType = sourcecode.c.h; path = "NSObject+JSON.h"; sourceTree = "<group>"; };
		6DF7DEA116D3770200447982 /* NSObject+JSON.m */ = {isa = PBXFileReference; fileEncoding = 4; lastKnownFileType = sourcecode.c.objc; path = "NSObject+JSON.m"; sourceTree = "<group>"; };
		6DF7DEA216D3770200447982 /* NSString+URLEncoding.h */ = {isa = PBXFileReference; fileEncoding = 4; lastKnownFileType = sourcecode.c.h; path = "NSString+URLEncoding.h"; sourceTree = "<group>"; };
		6DF7DEA316D3770200447982 /* NSString+URLEncoding.m */ = {isa = PBXFileReference; fileEncoding = 4; lastKnownFileType = sourcecode.c.objc; path = "NSString+URLEncoding.m"; sourceTree = "<group>"; };
		6DF7DEA416D3770200447982 /* SBJsonParser.h */ = {isa = PBXFileReference; fileEncoding = 4; lastKnownFileType = sourcecode.c.h; path = SBJsonParser.h; sourceTree = "<group>"; };
		6DF7DEA516D3770200447982 /* SBJsonParser.m */ = {isa = PBXFileReference; fileEncoding = 4; lastKnownFileType = sourcecode.c.objc; path = SBJsonParser.m; sourceTree = "<group>"; };
		6DF7DEA616D3770200447982 /* SBJsonStreamParser.h */ = {isa = PBXFileReference; fileEncoding = 4; lastKnownFileType = sourcecode.c.h; path = SBJsonStreamParser.h; sourceTree = "<group>"; };
		6DF7DEA716D3770200447982 /* SBJsonStreamParser.m */ = {isa = PBXFileReference; fileEncoding = 4; lastKnownFileType = sourcecode.c.objc; path = SBJsonStreamParser.m; sourceTree = "<group>"; };
		6DF7DEA816D3770200447982 /* SBJsonStreamParserAdapter.h */ = {isa = PBXFileReference; fileEncoding = 4; lastKnownFileType = sourcecode.c.h; path = SBJsonStreamParserAdapter.h; sourceTree = "<group>"; };
		6DF7DEA916D3770200447982 /* SBJsonStreamParserAdapter.m */ = {isa = PBXFileReference; fileEncoding = 4; lastKnownFileType = sourcecode.c.objc; path = SBJsonStreamParserAdapter.m; sourceTree = "<group>"; };
		6DF7DEAA16D3770200447982 /* SBJsonStreamParserState.h */ = {isa = PBXFileReference; fileEncoding = 4; lastKnownFileType = sourcecode.c.h; path = SBJsonStreamParserState.h; sourceTree = "<group>"; };
		6DF7DEAB16D3770200447982 /* SBJsonStreamParserState.m */ = {isa = PBXFileReference; fileEncoding = 4; lastKnownFileType = sourcecode.c.objc; path = SBJsonStreamParserState.m; sourceTree = "<group>"; };
		6DF7DEAC16D3770200447982 /* SBJsonStreamWriter.h */ = {isa = PBXFileReference; fileEncoding = 4; lastKnownFileType = sourcecode.c.h; path = SBJsonStreamWriter.h; sourceTree = "<group>"; };
		6DF7DEAD16D3770200447982 /* SBJsonStreamWriter.m */ = {isa = PBXFileReference; fileEncoding = 4; lastKnownFileType = sourcecode.c.objc; path = SBJsonStreamWriter.m; sourceTree = "<group>"; };
		6DF7DEAE16D3770200447982 /* SBJsonStreamWriterState.h */ = {isa = PBXFileReference; fileEncoding = 4; lastKnownFileType = sourcecode.c.h; path = SBJsonStreamWriterState.h; sourceTree = "<group>"; };
		6DF7DEAF16D3770200447982 /* SBJsonStreamWriterState.m */ = {isa = PBXFileReference; fileEncoding = 4; lastKnownFileType = sourcecode.c.objc; path = SBJsonStreamWriterState.m; sourceTree = "<group>"; };
		6DF7DEB016D3770200447982 /* SBJsonTokeniser.h */ = {isa = PBXFileReference; fileEncoding = 4; lastKnownFileType = sourcecode.c.h; path = SBJsonTokeniser.h; sourceTree = "<group>"; };
		6DF7DEB116D3770200447982 /* SBJsonTokeniser.m */ = {isa = PBXFileReference; fileEncoding = 4; lastKnownFileType = sourcecode.c.objc; path = SBJsonTokeniser.m; sourceTree = "<group>"; };
		6DF7DEB216D3770200447982 /* SBJsonWriter.h */ = {isa = PBXFileReference; fileEncoding = 4; lastKnownFileType = sourcecode.c.h; path = SBJsonWriter.h; sourceTree = "<group>"; };
		6DF7DEB316D3770200447982 /* SBJsonWriter.m */ = {isa = PBXFileReference; fileEncoding = 4; lastKnownFileType = sourcecode.c.objc; path = SBJsonWriter.m; sourceTree = "<group>"; };
		6DF7DECF16D3770200447982 /* MBProgressHUD.h */ = {isa = PBXFileReference; fileEncoding = 4; lastKnownFileType = sourcecode.c.h; path = MBProgressHUD.h; sourceTree = "<group>"; };
		6DF7DED016D3770200447982 /* MBProgressHUD.m */ = {isa = PBXFileReference; fileEncoding = 4; lastKnownFileType = sourcecode.c.objc; path = MBProgressHUD.m; sourceTree = "<group>"; };
		6DF7DEFF16D3770200447982 /* WXApi.h */ = {isa = PBXFileReference; fileEncoding = 4; lastKnownFileType = sourcecode.c.h; path = WXApi.h; sourceTree = "<group>"; };
		6DF7DF0016D3770200447982 /* WXApiObject.h */ = {isa = PBXFileReference; fileEncoding = 4; lastKnownFileType = sourcecode.c.h; path = WXApiObject.h; sourceTree = "<group>"; };
		6DF7DFDC16D3770C00447982 /* backbutton.png */ = {isa = PBXFileReference; lastKnownFileType = image.png; path = backbutton.png; sourceTree = "<group>"; };
		6DF7DFDD16D3770C00447982 /* backbutton@2x.png */ = {isa = PBXFileReference; lastKnownFileType = image.png; path = "backbutton@2x.png"; sourceTree = "<group>"; };
		6DF7DFDE16D3770C00447982 /* backbuttonclicked.png */ = {isa = PBXFileReference; lastKnownFileType = image.png; path = backbuttonclicked.png; sourceTree = "<group>"; };
		6DF7DFDF16D3770C00447982 /* backbuttonclicked@2x.png */ = {isa = PBXFileReference; lastKnownFileType = image.png; path = "backbuttonclicked@2x.png"; sourceTree = "<group>"; };
		6DF7DFE016D3770C00447982 /* cancelbutton.png */ = {isa = PBXFileReference; lastKnownFileType = image.png; path = cancelbutton.png; sourceTree = "<group>"; };
		6DF7DFE116D3770C00447982 /* cancelbutton@2x.png */ = {isa = PBXFileReference; lastKnownFileType = image.png; path = "cancelbutton@2x.png"; sourceTree = "<group>"; };
		6DF7DFE216D3770C00447982 /* detail_bottomtoolbar_bg.png */ = {isa = PBXFileReference; lastKnownFileType = image.png; path = detail_bottomtoolbar_bg.png; sourceTree = "<group>"; };
		6DF7DFE316D3770C00447982 /* detail_bottomtoolbar_bg@2x.png */ = {isa = PBXFileReference; lastKnownFileType = image.png; path = "detail_bottomtoolbar_bg@2x.png"; sourceTree = "<group>"; };
		6DF7DFE416D3770C00447982 /* detail_cai.png */ = {isa = PBXFileReference; lastKnownFileType = image.png; path = detail_cai.png; sourceTree = "<group>"; };
		6DF7DFE516D3770C00447982 /* detail_cai@2x.png */ = {isa = PBXFileReference; lastKnownFileType = image.png; path = "detail_cai@2x.png"; sourceTree = "<group>"; };
		6DF7DFE616D3770C00447982 /* detail_ding.png */ = {isa = PBXFileReference; lastKnownFileType = image.png; path = detail_ding.png; sourceTree = "<group>"; };
		6DF7DFE716D3770C00447982 /* detail_ding@2x.png */ = {isa = PBXFileReference; lastKnownFileType = image.png; path = "detail_ding@2x.png"; sourceTree = "<group>"; };
		6DF7DFE816D3770C00447982 /* detail_toptoolbar.png */ = {isa = PBXFileReference; lastKnownFileType = image.png; path = detail_toptoolbar.png; sourceTree = "<group>"; };
		6DF7DFE916D3770C00447982 /* detail_toptoolbar@2x.png */ = {isa = PBXFileReference; lastKnownFileType = image.png; path = "detail_toptoolbar@2x.png"; sourceTree = "<group>"; };
		6DF7DFEA16D3770C00447982 /* foottoolbar.png */ = {isa = PBXFileReference; lastKnownFileType = image.png; path = foottoolbar.png; sourceTree = "<group>"; };
		6DF7DFEB16D3770C00447982 /* foottoolbar@2x.png */ = {isa = PBXFileReference; lastKnownFileType = image.png; path = "foottoolbar@2x.png"; sourceTree = "<group>"; };
		6DF7DFEC16D3770C00447982 /* foottoolbar_clicked_bg.png */ = {isa = PBXFileReference; lastKnownFileType = image.png; path = foottoolbar_clicked_bg.png; sourceTree = "<group>"; };
		6DF7DFED16D3770C00447982 /* foottoolbar_clicked_bg@2x.png */ = {isa = PBXFileReference; lastKnownFileType = image.png; path = "foottoolbar_clicked_bg@2x.png"; sourceTree = "<group>"; };
		6DF7DFEE16D3770C00447982 /* highlight_title_bg.png */ = {isa = PBXFileReference; lastKnownFileType = image.png; path = highlight_title_bg.png; sourceTree = "<group>"; };
		6DF7DFEF16D3770C00447982 /* highlight_title_bg@2x.png */ = {isa = PBXFileReference; lastKnownFileType = image.png; path = "highlight_title_bg@2x.png"; sourceTree = "<group>"; };
		6DF7DFF016D3770C00447982 /* logo.png */ = {isa = PBXFileReference; lastKnownFileType = image.png; path = logo.png; sourceTree = "<group>"; };
		6DF7DFF116D3770C00447982 /* logo@2x.png */ = {isa = PBXFileReference; lastKnownFileType = image.png; path = "logo@2x.png"; sourceTree = "<group>"; };
		6DF7DFF216D3770C00447982 /* pager_indicator_graydot.png */ = {isa = PBXFileReference; lastKnownFileType = image.png; path = pager_indicator_graydot.png; sourceTree = "<group>"; };
		6DF7DFF316D3770C00447982 /* pager_indicator_graydot@2x.png */ = {isa = PBXFileReference; lastKnownFileType = image.png; path = "pager_indicator_graydot@2x.png"; sourceTree = "<group>"; };
		6DF7DFF416D3770C00447982 /* pager_indicator_whitedot.png */ = {isa = PBXFileReference; lastKnownFileType = image.png; path = pager_indicator_whitedot.png; sourceTree = "<group>"; };
		6DF7DFF516D3770C00447982 /* pager_indicator_whitedot@2x.png */ = {isa = PBXFileReference; lastKnownFileType = image.png; path = "pager_indicator_whitedot@2x.png"; sourceTree = "<group>"; };
		6DF7DFF616D3770C00447982 /* refreshbutton.png */ = {isa = PBXFileReference; lastKnownFileType = image.png; path = refreshbutton.png; sourceTree = "<group>"; };
		6DF7DFF716D3770C00447982 /* refreshbutton@2x.png */ = {isa = PBXFileReference; lastKnownFileType = image.png; path = "refreshbutton@2x.png"; sourceTree = "<group>"; };
		6DF7DFF816D3770C00447982 /* setupbutton.png */ = {isa = PBXFileReference; lastKnownFileType = image.png; path = setupbutton.png; sourceTree = "<group>"; };
		6DF7DFF916D3770C00447982 /* setupbutton@2x.png */ = {isa = PBXFileReference; lastKnownFileType = image.png; path = "setupbutton@2x.png"; sourceTree = "<group>"; };
		6DF7DFFA16D3770C00447982 /* share_weibo.png */ = {isa = PBXFileReference; lastKnownFileType = image.png; path = share_weibo.png; sourceTree = "<group>"; };
		6DF7DFFB16D3770C00447982 /* share_weibo@2x.png */ = {isa = PBXFileReference; lastKnownFileType = image.png; path = "share_weibo@2x.png"; sourceTree = "<group>"; };
		6DF7DFFC16D3770C00447982 /* share_weixin.png */ = {isa = PBXFileReference; lastKnownFileType = image.png; path = share_weixin.png; sourceTree = "<group>"; };
		6DF7DFFD16D3770C00447982 /* share_weixin@2x.png */ = {isa = PBXFileReference; lastKnownFileType = image.png; path = "share_weixin@2x.png"; sourceTree = "<group>"; };
		6DF7DFFE16D3770C00447982 /* sharebutton.png */ = {isa = PBXFileReference; lastKnownFileType = image.png; path = sharebutton.png; sourceTree = "<group>"; };
		6DF7DFFF16D3770C00447982 /* sharebutton@2x.png */ = {isa = PBXFileReference; lastKnownFileType = image.png; path = "sharebutton@2x.png"; sourceTree = "<group>"; };
		6DF7E00016D3770C00447982 /* toptoolbar.png */ = {isa = PBXFileReference; lastKnownFileType = image.png; path = toptoolbar.png; sourceTree = "<group>"; };
		6DF7E00116D3770C00447982 /* toptoolbar@2x.png */ = {isa = PBXFileReference; lastKnownFileType = image.png; path = "toptoolbar@2x.png"; sourceTree = "<group>"; };
		6DF7E00216D3770C00447982 /* toptoolbar_shadow.png */ = {isa = PBXFileReference; lastKnownFileType = image.png; path = toptoolbar_shadow.png; sourceTree = "<group>"; };
		6DF7E00316D3770C00447982 /* toptoolbar_shadow@2x.png */ = {isa = PBXFileReference; lastKnownFileType = image.png; path = "toptoolbar_shadow@2x.png"; sourceTree = "<group>"; };
		6DF7E02C16D3796100447982 /* NetImageView.h */ = {isa = PBXFileReference; fileEncoding = 4; lastKnownFileType = sourcecode.c.h; path = NetImageView.h; sourceTree = "<group>"; };
		6DF7E02D16D3796100447982 /* NetImageView.m */ = {isa = PBXFileReference; fileEncoding = 4; lastKnownFileType = sourcecode.c.objc; path = NetImageView.m; sourceTree = "<group>"; };
		6DF7E03016D3797700447982 /* MainViewController.h */ = {isa = PBXFileReference; fileEncoding = 4; lastKnownFileType = sourcecode.c.h; path = MainViewController.h; sourceTree = "<group>"; };
		6DF7E03116D3797700447982 /* MainViewController.m */ = {isa = PBXFileReference; fileEncoding = 4; lastKnownFileType = sourcecode.c.objc; path = MainViewController.m; sourceTree = "<group>"; };
		6DF7E03416D3798500447982 /* ArticleDetailViewController.h */ = {isa = PBXFileReference; fileEncoding = 4; lastKnownFileType = sourcecode.c.h; path = ArticleDetailViewController.h; sourceTree = "<group>"; };
		6DF7E03516D3798500447982 /* ArticleDetailViewController.m */ = {isa = PBXFileReference; fileEncoding = 4; lastKnownFileType = sourcecode.c.objc; path = ArticleDetailViewController.m; sourceTree = "<group>"; };
		6DF7E03716D3798500447982 /* ImageLoopView.h */ = {isa = PBXFileReference; fileEncoding = 4; lastKnownFileType = sourcecode.c.h; path = ImageLoopView.h; sourceTree = "<group>"; };
		6DF7E03816D3798500447982 /* ImageLoopView.m */ = {isa = PBXFileReference; fileEncoding = 4; lastKnownFileType = sourcecode.c.objc; path = ImageLoopView.m; sourceTree = "<group>"; };
		6DF7E03916D3798500447982 /* PagerIndicatorViewController.h */ = {isa = PBXFileReference; fileEncoding = 4; lastKnownFileType = sourcecode.c.h; path = PagerIndicatorViewController.h; sourceTree = "<group>"; };
		6DF7E03A16D3798500447982 /* PagerIndicatorViewController.m */ = {isa = PBXFileReference; fileEncoding = 4; lastKnownFileType = sourcecode.c.objc; path = PagerIndicatorViewController.m; sourceTree = "<group>"; };
		6DF7E03B16D3798500447982 /* UIView+FindUIViewController.h */ = {isa = PBXFileReference; fileEncoding = 4; lastKnownFileType = sourcecode.c.h; path = "UIView+FindUIViewController.h"; sourceTree = "<group>"; };
		6DF7E03C16D3798500447982 /* UIView+FindUIViewController.m */ = {isa = PBXFileReference; fileEncoding = 4; lastKnownFileType = sourcecode.c.objc; path = "UIView+FindUIViewController.m"; sourceTree = "<group>"; };
		6DF7E03D16D3798500447982 /* JiZheViewController.h */ = {isa = PBXFileReference; fileEncoding = 4; lastKnownFileType = sourcecode.c.h; path = JiZheViewController.h; sourceTree = "<group>"; };
		6DF7E03E16D3798500447982 /* JiZheViewController.m */ = {isa = PBXFileReference; fileEncoding = 4; lastKnownFileType = sourcecode.c.objc; path = JiZheViewController.m; sourceTree = "<group>"; };
		6DF7E03F16D3798500447982 /* MingXingViewController.h */ = {isa = PBXFileReference; fileEncoding = 4; lastKnownFileType = sourcecode.c.h; path = MingXingViewController.h; sourceTree = "<group>"; };
		6DF7E04016D3798500447982 /* MingXingViewController.m */ = {isa = PBXFileReference; fileEncoding = 4; lastKnownFileType = sourcecode.c.objc; path = MingXingViewController.m; sourceTree = "<group>"; };
		6DF7E04116D3798500447982 /* ShareViewController.h */ = {isa = PBXFileReference; fileEncoding = 4; lastKnownFileType = sourcecode.c.h; path = ShareViewController.h; sourceTree = "<group>"; };
		6DF7E04216D3798500447982 /* ShareViewController.m */ = {isa = PBXFileReference; fileEncoding = 4; lastKnownFileType = sourcecode.c.objc; path = ShareViewController.m; sourceTree = "<group>"; };
		6DF7E04316D3798500447982 /* YeJieViewController.h */ = {isa = PBXFileReference; fileEncoding = 4; lastKnownFileType = sourcecode.c.h; path = YeJieViewController.h; sourceTree = "<group>"; };
		6DF7E04416D3798500447982 /* YeJieViewController.m */ = {isa = PBXFileReference; fileEncoding = 4; lastKnownFileType = sourcecode.c.objc; path = YeJieViewController.m; sourceTree = "<group>"; };
		6DF7E04D16D3799E00447982 /* Default-568h@2x.png */ = {isa = PBXFileReference; lastKnownFileType = image.png; path = "Default-568h@2x.png"; sourceTree = SOURCE_ROOT; };
		6DF7E04E16D3799E00447982 /* Default.png */ = {isa = PBXFileReference; lastKnownFileType = image.png; path = Default.png; sourceTree = SOURCE_ROOT; };
		6DF7E04F16D3799E00447982 /* Default@2x.png */ = {isa = PBXFileReference; lastKnownFileType = image.png; path = "Default@2x.png"; sourceTree = SOURCE_ROOT; };
		6DF7E05316D37A1700447982 /* BaseViewController.h */ = {isa = PBXFileReference; fileEncoding = 4; lastKnownFileType = sourcecode.c.h; path = BaseViewController.h; sourceTree = "<group>"; };
		6DF7E05416D37A1700447982 /* BaseViewController.m */ = {isa = PBXFileReference; fileEncoding = 4; lastKnownFileType = sourcecode.c.objc; path = BaseViewController.m; sourceTree = "<group>"; };
		6DF7E05616D382E000447982 /* ASIAuthenticationDialog.h */ = {isa = PBXFileReference; fileEncoding = 4; lastKnownFileType = sourcecode.c.h; path = ASIAuthenticationDialog.h; sourceTree = "<group>"; };
		6DF7E05716D382E000447982 /* ASIAuthenticationDialog.m */ = {isa = PBXFileReference; fileEncoding = 4; lastKnownFileType = sourcecode.c.objc; path = ASIAuthenticationDialog.m; sourceTree = "<group>"; };
		6DF7E05816D382E000447982 /* ASICacheDelegate.h */ = {isa = PBXFileReference; fileEncoding = 4; lastKnownFileType = sourcecode.c.h; path = ASICacheDelegate.h; sourceTree = "<group>"; };
		6DF7E05916D382E000447982 /* ASIDataCompressor.h */ = {isa = PBXFileReference; fileEncoding = 4; lastKnownFileType = sourcecode.c.h; path = ASIDataCompressor.h; sourceTree = "<group>"; };
		6DF7E05A16D382E000447982 /* ASIDataCompressor.m */ = {isa = PBXFileReference; fileEncoding = 4; lastKnownFileType = sourcecode.c.objc; path = ASIDataCompressor.m; sourceTree = "<group>"; };
		6DF7E05B16D382E000447982 /* ASIDataDecompressor.h */ = {isa = PBXFileReference; fileEncoding = 4; lastKnownFileType = sourcecode.c.h; path = ASIDataDecompressor.h; sourceTree = "<group>"; };
		6DF7E05C16D382E000447982 /* ASIDataDecompressor.m */ = {isa = PBXFileReference; fileEncoding = 4; lastKnownFileType = sourcecode.c.objc; path = ASIDataDecompressor.m; sourceTree = "<group>"; };
		6DF7E05D16D382E000447982 /* ASIDownloadCache.h */ = {isa = PBXFileReference; fileEncoding = 4; lastKnownFileType = sourcecode.c.h; path = ASIDownloadCache.h; sourceTree = "<group>"; };
		6DF7E05E16D382E000447982 /* ASIDownloadCache.m */ = {isa = PBXFileReference; fileEncoding = 4; lastKnownFileType = sourcecode.c.objc; path = ASIDownloadCache.m; sourceTree = "<group>"; };
		6DF7E05F16D382E000447982 /* ASIFormDataRequest.h */ = {isa = PBXFileReference; fileEncoding = 4; lastKnownFileType = sourcecode.c.h; path = ASIFormDataRequest.h; sourceTree = "<group>"; };
		6DF7E06016D382E000447982 /* ASIFormDataRequest.m */ = {isa = PBXFileReference; fileEncoding = 4; lastKnownFileType = sourcecode.c.objc; path = ASIFormDataRequest.m; sourceTree = "<group>"; };
		6DF7E06116D382E000447982 /* ASIHTTPRequest.h */ = {isa = PBXFileReference; fileEncoding = 4; lastKnownFileType = sourcecode.c.h; path = ASIHTTPRequest.h; sourceTree = "<group>"; };
		6DF7E06216D382E000447982 /* ASIHTTPRequest.m */ = {isa = PBXFileReference; fileEncoding = 4; lastKnownFileType = sourcecode.c.objc; path = ASIHTTPRequest.m; sourceTree = "<group>"; };
		6DF7E06316D382E000447982 /* ASIHTTPRequestConfig.h */ = {isa = PBXFileReference; fileEncoding = 4; lastKnownFileType = sourcecode.c.h; path = ASIHTTPRequestConfig.h; sourceTree = "<group>"; };
		6DF7E06416D382E000447982 /* ASIHTTPRequestDelegate.h */ = {isa = PBXFileReference; fileEncoding = 4; lastKnownFileType = sourcecode.c.h; path = ASIHTTPRequestDelegate.h; sourceTree = "<group>"; };
		6DF7E06516D382E000447982 /* ASIInputStream.h */ = {isa = PBXFileReference; fileEncoding = 4; lastKnownFileType = sourcecode.c.h; path = ASIInputStream.h; sourceTree = "<group>"; };
		6DF7E06616D382E000447982 /* ASIInputStream.m */ = {isa = PBXFileReference; fileEncoding = 4; lastKnownFileType = sourcecode.c.objc; path = ASIInputStream.m; sourceTree = "<group>"; };
		6DF7E06716D382E000447982 /* ASINetworkQueue.h */ = {isa = PBXFileReference; fileEncoding = 4; lastKnownFileType = sourcecode.c.h; path = ASINetworkQueue.h; sourceTree = "<group>"; };
		6DF7E06816D382E000447982 /* ASINetworkQueue.m */ = {isa = PBXFileReference; fileEncoding = 4; lastKnownFileType = sourcecode.c.objc; path = ASINetworkQueue.m; sourceTree = "<group>"; };
		6DF7E06916D382E000447982 /* ASIProgressDelegate.h */ = {isa = PBXFileReference; fileEncoding = 4; lastKnownFileType = sourcecode.c.h; path = ASIProgressDelegate.h; sourceTree = "<group>"; };
		6DF7E06A16D382E000447982 /* Reachability.h */ = {isa = PBXFileReference; fileEncoding = 4; lastKnownFileType = sourcecode.c.h; path = Reachability.h; sourceTree = "<group>"; };
		6DF7E06B16D382E000447982 /* Reachability.m */ = {isa = PBXFileReference; fileEncoding = 4; lastKnownFileType = sourcecode.c.objc; path = Reachability.m; sourceTree = "<group>"; };
		6DF7E07616D3839100447982 /* SinaWeibo.bundle */ = {isa = PBXFileReference; lastKnownFileType = "wrapper.plug-in"; path = SinaWeibo.bundle; sourceTree = "<group>"; };
		6DF7E07716D3839100447982 /* SinaWeibo.h */ = {isa = PBXFileReference; fileEncoding = 4; lastKnownFileType = sourcecode.c.h; path = SinaWeibo.h; sourceTree = "<group>"; };
		6DF7E07816D3839100447982 /* SinaWeibo.m */ = {isa = PBXFileReference; fileEncoding = 4; lastKnownFileType = sourcecode.c.objc; path = SinaWeibo.m; sourceTree = "<group>"; };
		6DF7E07916D3839100447982 /* SinaWeiboAuthorizeView.h */ = {isa = PBXFileReference; fileEncoding = 4; lastKnownFileType = sourcecode.c.h; path = SinaWeiboAuthorizeView.h; sourceTree = "<group>"; };
		6DF7E07A16D3839100447982 /* SinaWeiboAuthorizeView.m */ = {isa = PBXFileReference; fileEncoding = 4; lastKnownFileType = sourcecode.c.objc; path = SinaWeiboAuthorizeView.m; sourceTree = "<group>"; };
		6DF7E07B16D3839100447982 /* SinaWeiboConstants.h */ = {isa = PBXFileReference; fileEncoding = 4; lastKnownFileType = sourcecode.c.h; path = SinaWeiboConstants.h; sourceTree = "<group>"; };
		6DF7E07C16D3839100447982 /* SinaWeiboRequest.h */ = {isa = PBXFileReference; fileEncoding = 4; lastKnownFileType = sourcecode.c.h; path = SinaWeiboRequest.h; sourceTree = "<group>"; };
		6DF7E07D16D3839100447982 /* SinaWeiboRequest.m */ = {isa = PBXFileReference; fileEncoding = 4; lastKnownFileType = sourcecode.c.objc; path = SinaWeiboRequest.m; sourceTree = "<group>"; };
		6DF7E08316D3841200447982 /* JSONKit.h */ = {isa = PBXFileReference; fileEncoding = 4; lastKnownFileType = sourcecode.c.h; path = JSONKit.h; sourceTree = "<group>"; };
		6DF7E08416D3841200447982 /* JSONKit.m */ = {isa = PBXFileReference; fileEncoding = 4; lastKnownFileType = sourcecode.c.objc; path = JSONKit.m; sourceTree = "<group>"; };
		6DF7E08616D3848200447982 /* CFNetwork.framework */ = {isa = PBXFileReference; lastKnownFileType = wrapper.framework; name = CFNetwork.framework; path = System/Library/Frameworks/CFNetwork.framework; sourceTree = SDKROOT; };
		6DF7E08816D3850300447982 /* libWeChatSDK.a */ = {isa = PBXFileReference; lastKnownFileType = archive.ar; name = libWeChatSDK.a; path = extlibs/weixin/libWeChatSDK.a; sourceTree = "<group>"; };
		6DF7E08A16D3851900447982 /* libWeChatSDK_armv7_armv7s.a */ = {isa = PBXFileReference; lastKnownFileType = archive.ar; name = libWeChatSDK_armv7_armv7s.a; path = extlibs/weixin/libWeChatSDK_armv7_armv7s.a; sourceTree = "<group>"; };
		6DF7E08C16D3852300447982 /* libz.dylib */ = {isa = PBXFileReference; lastKnownFileType = "compiled.mach-o.dylib"; name = libz.dylib; path = usr/lib/libz.dylib; sourceTree = SDKROOT; };
		6DF7E08E16D3852A00447982 /* MobileCoreServices.framework */ = {isa = PBXFileReference; lastKnownFileType = wrapper.framework; name = MobileCoreServices.framework; path = System/Library/Frameworks/MobileCoreServices.framework; sourceTree = SDKROOT; };
		6DF7E09016D3853200447982 /* QuartzCore.framework */ = {isa = PBXFileReference; lastKnownFileType = wrapper.framework; name = QuartzCore.framework; path = System/Library/Frameworks/QuartzCore.framework; sourceTree = SDKROOT; };
		6DF7E09216D3853900447982 /* Security.framework */ = {isa = PBXFileReference; lastKnownFileType = wrapper.framework; name = Security.framework; path = System/Library/Frameworks/Security.framework; sourceTree = SDKROOT; };
		6DF7E09416D3854000447982 /* SystemConfiguration.framework */ = {isa = PBXFileReference; lastKnownFileType = wrapper.framework; name = SystemConfiguration.framework; path = System/Library/Frameworks/SystemConfiguration.framework; sourceTree = SDKROOT; };
/* End PBXFileReference section */

/* Begin PBXFrameworksBuildPhase section */
		6DF7DBE716D375D500447982 /* Frameworks */ = {
			isa = PBXFrameworksBuildPhase;
			buildActionMask = 2147483647;
			files = (
				6DF7E09516D3854000447982 /* SystemConfiguration.framework in Frameworks */,
				6DF7E09316D3853900447982 /* Security.framework in Frameworks */,
				6DF7E09116D3853200447982 /* QuartzCore.framework in Frameworks */,
				6DF7E08F16D3852A00447982 /* MobileCoreServices.framework in Frameworks */,
				6DF7E08D16D3852300447982 /* libz.dylib in Frameworks */,
				6DF7E08B16D3851900447982 /* libWeChatSDK_armv7_armv7s.a in Frameworks */,
				6DF7E08916D3850300447982 /* libWeChatSDK.a in Frameworks */,
				6DF7DBF116D375D500447982 /* Foundation.framework in Frameworks */,
				6DF7DBF316D375D500447982 /* CoreGraphics.framework in Frameworks */,
				6DF7E08716D3848200447982 /* CFNetwork.framework in Frameworks */,
				6DF7DBEF16D375D500447982 /* UIKit.framework in Frameworks */,
			);
			runOnlyForDeploymentPostprocessing = 0;
		};
/* End PBXFrameworksBuildPhase section */

/* Begin PBXGroup section */
		6D94A24F16D4D56700F022FF /* DCRoundSwitch */ = {
			isa = PBXGroup;
			children = (
				6D94A25016D4D56700F022FF /* DCRoundSwitch.h */,
				6D94A25116D4D56700F022FF /* DCRoundSwitch.m */,
				6D94A25216D4D56700F022FF /* DCRoundSwitchKnobLayer.h */,
				6D94A25316D4D56700F022FF /* DCRoundSwitchKnobLayer.m */,
				6D94A25416D4D56700F022FF /* DCRoundSwitchOutlineLayer.h */,
				6D94A25516D4D56700F022FF /* DCRoundSwitchOutlineLayer.m */,
				6D94A25616D4D56700F022FF /* DCRoundSwitchToggleLayer.h */,
				6D94A25716D4D56700F022FF /* DCRoundSwitchToggleLayer.m */,
			);
			path = DCRoundSwitch;
			sourceTree = "<group>";
		};
		6DF7DBDF16D375D400447982 = {
			isa = PBXGroup;
			children = (
				6DF7DBF416D375D500447982 /* fansbaguabang */,
				6DF7DBED16D375D500447982 /* Frameworks */,
				6DF7DBEB16D375D500447982 /* Products */,
			);
			sourceTree = "<group>";
		};
		6DF7DBEB16D375D500447982 /* Products */ = {
			isa = PBXGroup;
			children = (
				6DF7DBEA16D375D500447982 /* fansbaguabang.app */,
			);
			name = Products;
			sourceTree = "<group>";
		};
		6DF7DBED16D375D500447982 /* Frameworks */ = {
			isa = PBXGroup;
			children = (
				6DF7E09416D3854000447982 /* SystemConfiguration.framework */,
				6DF7E09216D3853900447982 /* Security.framework */,
				6DF7E09016D3853200447982 /* QuartzCore.framework */,
				6DF7E08E16D3852A00447982 /* MobileCoreServices.framework */,
				6DF7E08C16D3852300447982 /* libz.dylib */,
				6DF7E08A16D3851900447982 /* libWeChatSDK_armv7_armv7s.a */,
				6DF7E08816D3850300447982 /* libWeChatSDK.a */,
				6DF7E08616D3848200447982 /* CFNetwork.framework */,
				6DF7DBEE16D375D500447982 /* UIKit.framework */,
				6DF7DBF016D375D500447982 /* Foundation.framework */,
				6DF7DBF216D375D500447982 /* CoreGraphics.framework */,
			);
			name = Frameworks;
			sourceTree = "<group>";
		};
		6DF7DBF416D375D500447982 /* fansbaguabang */ = {
			isa = PBXGroup;
			children = (
				6DF7E03316D3798500447982 /* views */,
				6DF7E02F16D3797700447982 /* controller */,
				6DF7DBFD16D375D500447982 /* AppDelegate.h */,
				6DF7DBFE16D375D500447982 /* AppDelegate.m */,
				6DF7DDF316D3770100447982 /* extlibs */,
				6DF7DFDB16D3770C00447982 /* resources */,
				6DF7DBF516D375D500447982 /* Supporting Files */,
			);
			path = fansbaguabang;
			sourceTree = "<group>";
		};
		6DF7DBF516D375D500447982 /* Supporting Files */ = {
			isa = PBXGroup;
			children = (
				6DF7DBF616D375D500447982 /* fansbaguabang-Info.plist */,
				6DF7DBF716D375D500447982 /* InfoPlist.strings */,
				6DF7DBFA16D375D500447982 /* main.m */,
				6DF7DBFC16D375D500447982 /* fansbaguabang-Prefix.pch */,
				6DF7E04D16D3799E00447982 /* Default-568h@2x.png */,
				6DF7E04E16D3799E00447982 /* Default.png */,
				6DF7E04F16D3799E00447982 /* Default@2x.png */,
			);
			name = "Supporting Files";
			sourceTree = "<group>";
		};
		6DF7DDF316D3770100447982 /* extlibs */ = {
			isa = PBXGroup;
			children = (
				6D94A24F16D4D56700F022FF /* DCRoundSwitch */,
				6DF7E08216D3841200447982 /* JSONKit */,
				6DF7E07516D3839100447982 /* SinaWeibo */,
				6DF7E02C16D3796100447982 /* NetImageView.h */,
				6DF7E02D16D3796100447982 /* NetImageView.m */,
				6DF7DDF416D3770100447982 /* ASIHttpRequest */,
				6DF7DE9016D3770200447982 /* EGOTableViewPullRefresh */,
				6DF7DE9E16D3770200447982 /* JSON */,
				6DF7DEB416D3770200447982 /* MBProgressHUD */,
				6DF7DEFC16D3770200447982 /* weixin */,
			);
			path = extlibs;
			sourceTree = SOURCE_ROOT;
		};
		6DF7DDF416D3770100447982 /* ASIHttpRequest */ = {
			isa = PBXGroup;
			children = (
				6DF7E05616D382E000447982 /* ASIAuthenticationDialog.h */,
				6DF7E05716D382E000447982 /* ASIAuthenticationDialog.m */,
				6DF7E05816D382E000447982 /* ASICacheDelegate.h */,
				6DF7E05916D382E000447982 /* ASIDataCompressor.h */,
				6DF7E05A16D382E000447982 /* ASIDataCompressor.m */,
				6DF7E05B16D382E000447982 /* ASIDataDecompressor.h */,
				6DF7E05C16D382E000447982 /* ASIDataDecompressor.m */,
				6DF7E05D16D382E000447982 /* ASIDownloadCache.h */,
				6DF7E05E16D382E000447982 /* ASIDownloadCache.m */,
				6DF7E05F16D382E000447982 /* ASIFormDataRequest.h */,
				6DF7E06016D382E000447982 /* ASIFormDataRequest.m */,
				6DF7E06116D382E000447982 /* ASIHTTPRequest.h */,
				6DF7E06216D382E000447982 /* ASIHTTPRequest.m */,
				6DF7E06316D382E000447982 /* ASIHTTPRequestConfig.h */,
				6DF7E06416D382E000447982 /* ASIHTTPRequestDelegate.h */,
				6DF7E06516D382E000447982 /* ASIInputStream.h */,
				6DF7E06616D382E000447982 /* ASIInputStream.m */,
				6DF7E06716D382E000447982 /* ASINetworkQueue.h */,
				6DF7E06816D382E000447982 /* ASINetworkQueue.m */,
				6DF7E06916D382E000447982 /* ASIProgressDelegate.h */,
				6DF7E06A16D382E000447982 /* Reachability.h */,
				6DF7E06B16D382E000447982 /* Reachability.m */,
			);
			path = ASIHttpRequest;
			sourceTree = "<group>";
		};
		6DF7DE9016D3770200447982 /* EGOTableViewPullRefresh */ = {
			isa = PBXGroup;
			children = (
				6DF7DE9116D3770200447982 /* blackArrow.png */,
				6DF7DE9216D3770200447982 /* blackArrow@2x.png */,
				6DF7DE9316D3770200447982 /* blueArrow.png */,
				6DF7DE9416D3770200447982 /* blueArrow@2x.png */,
				6DF7DE9516D3770200447982 /* EGORefreshTableFooterView.h */,
				6DF7DE9616D3770200447982 /* EGORefreshTableFooterView.m */,
				6DF7DE9716D3770200447982 /* EGORefreshTableHeaderView.h */,
				6DF7DE9816D3770200447982 /* EGORefreshTableHeaderView.m */,
				6DF7DE9916D3770200447982 /* EGOTableViewPullRefresh.h */,
				6DF7DE9A16D3770200447982 /* grayArrow.png */,
				6DF7DE9B16D3770200447982 /* grayArrow@2x.png */,
				6DF7DE9C16D3770200447982 /* whiteArrow.png */,
				6DF7DE9D16D3770200447982 /* whiteArrow@2x.png */,
			);
			path = EGOTableViewPullRefresh;
			sourceTree = "<group>";
		};
		6DF7DE9E16D3770200447982 /* JSON */ = {
			isa = PBXGroup;
			children = (
				6DF7DE9F16D3770200447982 /* JSON.h */,
				6DF7DEA016D3770200447982 /* NSObject+JSON.h */,
				6DF7DEA116D3770200447982 /* NSObject+JSON.m */,
				6DF7DEA216D3770200447982 /* NSString+URLEncoding.h */,
				6DF7DEA316D3770200447982 /* NSString+URLEncoding.m */,
				6DF7DEA416D3770200447982 /* SBJsonParser.h */,
				6DF7DEA516D3770200447982 /* SBJsonParser.m */,
				6DF7DEA616D3770200447982 /* SBJsonStreamParser.h */,
				6DF7DEA716D3770200447982 /* SBJsonStreamParser.m */,
				6DF7DEA816D3770200447982 /* SBJsonStreamParserAdapter.h */,
				6DF7DEA916D3770200447982 /* SBJsonStreamParserAdapter.m */,
				6DF7DEAA16D3770200447982 /* SBJsonStreamParserState.h */,
				6DF7DEAB16D3770200447982 /* SBJsonStreamParserState.m */,
				6DF7DEAC16D3770200447982 /* SBJsonStreamWriter.h */,
				6DF7DEAD16D3770200447982 /* SBJsonStreamWriter.m */,
				6DF7DEAE16D3770200447982 /* SBJsonStreamWriterState.h */,
				6DF7DEAF16D3770200447982 /* SBJsonStreamWriterState.m */,
				6DF7DEB016D3770200447982 /* SBJsonTokeniser.h */,
				6DF7DEB116D3770200447982 /* SBJsonTokeniser.m */,
				6DF7DEB216D3770200447982 /* SBJsonWriter.h */,
				6DF7DEB316D3770200447982 /* SBJsonWriter.m */,
			);
			path = JSON;
			sourceTree = "<group>";
		};
		6DF7DEB416D3770200447982 /* MBProgressHUD */ = {
			isa = PBXGroup;
			children = (
				6DF7DECF16D3770200447982 /* MBProgressHUD.h */,
				6DF7DED016D3770200447982 /* MBProgressHUD.m */,
			);
			path = MBProgressHUD;
			sourceTree = "<group>";
		};
		6DF7DEFC16D3770200447982 /* weixin */ = {
			isa = PBXGroup;
			children = (
				6DF7DEFF16D3770200447982 /* WXApi.h */,
				6DF7DF0016D3770200447982 /* WXApiObject.h */,
			);
			path = weixin;
			sourceTree = "<group>";
		};
		6DF7DFDB16D3770C00447982 /* resources */ = {
			isa = PBXGroup;
			children = (
				6DF7DFDC16D3770C00447982 /* backbutton.png */,
				6DF7DFDD16D3770C00447982 /* backbutton@2x.png */,
				6DF7DFDE16D3770C00447982 /* backbuttonclicked.png */,
				6DF7DFDF16D3770C00447982 /* backbuttonclicked@2x.png */,
				6DF7DFE016D3770C00447982 /* cancelbutton.png */,
				6DF7DFE116D3770C00447982 /* cancelbutton@2x.png */,
				6DF7DFE216D3770C00447982 /* detail_bottomtoolbar_bg.png */,
				6DF7DFE316D3770C00447982 /* detail_bottomtoolbar_bg@2x.png */,
				6DF7DFE416D3770C00447982 /* detail_cai.png */,
				6DF7DFE516D3770C00447982 /* detail_cai@2x.png */,
				6DF7DFE616D3770C00447982 /* detail_ding.png */,
				6DF7DFE716D3770C00447982 /* detail_ding@2x.png */,
				6DF7DFE816D3770C00447982 /* detail_toptoolbar.png */,
				6DF7DFE916D3770C00447982 /* detail_toptoolbar@2x.png */,
				6DF7DFEA16D3770C00447982 /* foottoolbar.png */,
				6DF7DFEB16D3770C00447982 /* foottoolbar@2x.png */,
				6DF7DFEC16D3770C00447982 /* foottoolbar_clicked_bg.png */,
				6DF7DFED16D3770C00447982 /* foottoolbar_clicked_bg@2x.png */,
				6DF7DFEE16D3770C00447982 /* highlight_title_bg.png */,
				6DF7DFEF16D3770C00447982 /* highlight_title_bg@2x.png */,
				6DF7DFF016D3770C00447982 /* logo.png */,
				6DF7DFF116D3770C00447982 /* logo@2x.png */,
				6DF7DFF216D3770C00447982 /* pager_indicator_graydot.png */,
				6DF7DFF316D3770C00447982 /* pager_indicator_graydot@2x.png */,
				6DF7DFF416D3770C00447982 /* pager_indicator_whitedot.png */,
				6DF7DFF516D3770C00447982 /* pager_indicator_whitedot@2x.png */,
				6DF7DFF616D3770C00447982 /* refreshbutton.png */,
				6DF7DFF716D3770C00447982 /* refreshbutton@2x.png */,
				6DF7DFF816D3770C00447982 /* setupbutton.png */,
				6DF7DFF916D3770C00447982 /* setupbutton@2x.png */,
				6DF7DFFA16D3770C00447982 /* share_weibo.png */,
				6DF7DFFB16D3770C00447982 /* share_weibo@2x.png */,
				6DF7DFFC16D3770C00447982 /* share_weixin.png */,
				6DF7DFFD16D3770C00447982 /* share_weixin@2x.png */,
				6DF7DFFE16D3770C00447982 /* sharebutton.png */,
				6DF7DFFF16D3770C00447982 /* sharebutton@2x.png */,
				6DF7E00016D3770C00447982 /* toptoolbar.png */,
				6DF7E00116D3770C00447982 /* toptoolbar@2x.png */,
				6DF7E00216D3770C00447982 /* toptoolbar_shadow.png */,
				6DF7E00316D3770C00447982 /* toptoolbar_shadow@2x.png */,
			);
			path = resources;
			sourceTree = SOURCE_ROOT;
		};
		6DF7E02F16D3797700447982 /* controller */ = {
			isa = PBXGroup;
			children = (
				6DF7E03016D3797700447982 /* MainViewController.h */,
				6DF7E03116D3797700447982 /* MainViewController.m */,
			);
			path = controller;
			sourceTree = "<group>";
		};
		6DF7E03316D3798500447982 /* views */ = {
			isa = PBXGroup;
			children = (
				6DF7E03416D3798500447982 /* ArticleDetailViewController.h */,
				6DF7E03516D3798500447982 /* ArticleDetailViewController.m */,
				6DF7E05316D37A1700447982 /* BaseViewController.h */,
				6DF7E05416D37A1700447982 /* BaseViewController.m */,
				6DF7E03616D3798500447982 /* imageLoop */,
				6DF7E03D16D3798500447982 /* JiZheViewController.h */,
				6DF7E03E16D3798500447982 /* JiZheViewController.m */,
				6DF7E03F16D3798500447982 /* MingXingViewController.h */,
				6DF7E04016D3798500447982 /* MingXingViewController.m */,
				6D94A24316D47CFC00F022FF /* SetupViewController.h */,
				6D94A24416D47CFC00F022FF /* SetupViewController.m */,
				6DF7E04116D3798500447982 /* ShareViewController.h */,
				6DF7E04216D3798500447982 /* ShareViewController.m */,
				6DF7E04316D3798500447982 /* YeJieViewController.h */,
				6DF7E04416D3798500447982 /* YeJieViewController.m */,
			);
			path = views;
			sourceTree = "<group>";
		};
		6DF7E03616D3798500447982 /* imageLoop */ = {
			isa = PBXGroup;
			children = (
				6DF7E03716D3798500447982 /* ImageLoopView.h */,
				6DF7E03816D3798500447982 /* ImageLoopView.m */,
				6DF7E03916D3798500447982 /* PagerIndicatorViewController.h */,
				6DF7E03A16D3798500447982 /* PagerIndicatorViewController.m */,
				6DF7E03B16D3798500447982 /* UIView+FindUIViewController.h */,
				6DF7E03C16D3798500447982 /* UIView+FindUIViewController.m */,
			);
			path = imageLoop;
			sourceTree = "<group>";
		};
		6DF7E07516D3839100447982 /* SinaWeibo */ = {
			isa = PBXGroup;
			children = (
				6DF7E07616D3839100447982 /* SinaWeibo.bundle */,
				6DF7E07716D3839100447982 /* SinaWeibo.h */,
				6DF7E07816D3839100447982 /* SinaWeibo.m */,
				6DF7E07916D3839100447982 /* SinaWeiboAuthorizeView.h */,
				6DF7E07A16D3839100447982 /* SinaWeiboAuthorizeView.m */,
				6DF7E07B16D3839100447982 /* SinaWeiboConstants.h */,
				6DF7E07C16D3839100447982 /* SinaWeiboRequest.h */,
				6DF7E07D16D3839100447982 /* SinaWeiboRequest.m */,
			);
			name = SinaWeibo;
			path = extlibs/SinaWeibo;
			sourceTree = SOURCE_ROOT;
		};
		6DF7E08216D3841200447982 /* JSONKit */ = {
			isa = PBXGroup;
			children = (
				6DF7E08316D3841200447982 /* JSONKit.h */,
				6DF7E08416D3841200447982 /* JSONKit.m */,
			);
			path = JSONKit;
			sourceTree = "<group>";
		};
/* End PBXGroup section */

/* Begin PBXNativeTarget section */
		6DF7DBE916D375D500447982 /* fansbaguabang */ = {
			isa = PBXNativeTarget;
			buildConfigurationList = 6DF7DC0816D375D500447982 /* Build configuration list for PBXNativeTarget "fansbaguabang" */;
			buildPhases = (
				6DF7DBE616D375D500447982 /* Sources */,
				6DF7DBE716D375D500447982 /* Frameworks */,
				6DF7DBE816D375D500447982 /* Resources */,
			);
			buildRules = (
			);
			dependencies = (
			);
			name = fansbaguabang;
			productName = fansbaguabang;
			productReference = 6DF7DBEA16D375D500447982 /* fansbaguabang.app */;
			productType = "com.apple.product-type.application";
		};
/* End PBXNativeTarget section */

/* Begin PBXProject section */
		6DF7DBE116D375D500447982 /* Project object */ = {
			isa = PBXProject;
			attributes = {
				LastUpgradeCheck = 0450;
				ORGANIZATIONNAME = fans;
			};
			buildConfigurationList = 6DF7DBE416D375D500447982 /* Build configuration list for PBXProject "fansbaguabang" */;
			compatibilityVersion = "Xcode 3.2";
			developmentRegion = English;
			hasScannedForEncodings = 0;
			knownRegions = (
				en,
				English,
			);
			mainGroup = 6DF7DBDF16D375D400447982;
			productRefGroup = 6DF7DBEB16D375D500447982 /* Products */;
			projectDirPath = "";
			projectRoot = "";
			targets = (
				6DF7DBE916D375D500447982 /* fansbaguabang */,
			);
		};
/* End PBXProject section */

/* Begin PBXResourcesBuildPhase section */
		6DF7DBE816D375D500447982 /* Resources */ = {
			isa = PBXResourcesBuildPhase;
			buildActionMask = 2147483647;
			files = (
				6DF7DBF916D375D500447982 /* InfoPlist.strings in Resources */,
				6DF7DF8316D3770300447982 /* blackArrow.png in Resources */,
				6DF7DF8416D3770300447982 /* blackArrow@2x.png in Resources */,
				6DF7DF8516D3770300447982 /* blueArrow.png in Resources */,
				6DF7DF8616D3770300447982 /* blueArrow@2x.png in Resources */,
				6DF7DF8916D3770300447982 /* grayArrow.png in Resources */,
				6DF7DF8A16D3770300447982 /* grayArrow@2x.png in Resources */,
				6DF7DF8B16D3770300447982 /* whiteArrow.png in Resources */,
				6DF7DF8C16D3770300447982 /* whiteArrow@2x.png in Resources */,
				6DF7E00416D3770C00447982 /* backbutton.png in Resources */,
				6DF7E00516D3770C00447982 /* backbutton@2x.png in Resources */,
				6DF7E00616D3770C00447982 /* backbuttonclicked.png in Resources */,
				6DF7E00716D3770C00447982 /* backbuttonclicked@2x.png in Resources */,
				6DF7E00816D3770C00447982 /* cancelbutton.png in Resources */,
				6DF7E00916D3770C00447982 /* cancelbutton@2x.png in Resources */,
				6DF7E00A16D3770C00447982 /* detail_bottomtoolbar_bg.png in Resources */,
				6DF7E00B16D3770C00447982 /* detail_bottomtoolbar_bg@2x.png in Resources */,
				6DF7E00C16D3770C00447982 /* detail_cai.png in Resources */,
				6DF7E00D16D3770C00447982 /* detail_cai@2x.png in Resources */,
				6DF7E00E16D3770C00447982 /* detail_ding.png in Resources */,
				6DF7E00F16D3770C00447982 /* detail_ding@2x.png in Resources */,
				6DF7E01016D3770C00447982 /* detail_toptoolbar.png in Resources */,
				6DF7E01116D3770C00447982 /* detail_toptoolbar@2x.png in Resources */,
				6DF7E01216D3770C00447982 /* foottoolbar.png in Resources */,
				6DF7E01316D3770C00447982 /* foottoolbar@2x.png in Resources */,
				6DF7E01416D3770C00447982 /* foottoolbar_clicked_bg.png in Resources */,
				6DF7E01516D3770C00447982 /* foottoolbar_clicked_bg@2x.png in Resources */,
				6DF7E01616D3770C00447982 /* highlight_title_bg.png in Resources */,
				6DF7E01716D3770C00447982 /* highlight_title_bg@2x.png in Resources */,
				6DF7E01816D3770C00447982 /* logo.png in Resources */,
				6DF7E01916D3770C00447982 /* logo@2x.png in Resources */,
				6DF7E01A16D3770C00447982 /* pager_indicator_graydot.png in Resources */,
				6DF7E01B16D3770C00447982 /* pager_indicator_graydot@2x.png in Resources */,
				6DF7E01C16D3770C00447982 /* pager_indicator_whitedot.png in Resources */,
				6DF7E01D16D3770C00447982 /* pager_indicator_whitedot@2x.png in Resources */,
				6DF7E01E16D3770C00447982 /* refreshbutton.png in Resources */,
				6DF7E01F16D3770C00447982 /* refreshbutton@2x.png in Resources */,
				6DF7E02016D3770C00447982 /* setupbutton.png in Resources */,
				6DF7E02116D3770C00447982 /* setupbutton@2x.png in Resources */,
				6DF7E02216D3770C00447982 /* share_weibo.png in Resources */,
				6DF7E02316D3770D00447982 /* share_weibo@2x.png in Resources */,
				6DF7E02416D3770D00447982 /* share_weixin.png in Resources */,
				6DF7E02516D3770D00447982 /* share_weixin@2x.png in Resources */,
				6DF7E02616D3770D00447982 /* sharebutton.png in Resources */,
				6DF7E02716D3770D00447982 /* sharebutton@2x.png in Resources */,
				6DF7E02816D3770D00447982 /* toptoolbar.png in Resources */,
				6DF7E02916D3770D00447982 /* toptoolbar@2x.png in Resources */,
				6DF7E02A16D3770D00447982 /* toptoolbar_shadow.png in Resources */,
				6DF7E02B16D3770D00447982 /* toptoolbar_shadow@2x.png in Resources */,
				6DF7E05016D3799E00447982 /* Default-568h@2x.png in Resources */,
				6DF7E05116D3799E00447982 /* Default.png in Resources */,
				6DF7E05216D3799E00447982 /* Default@2x.png in Resources */,
				6DF7E07E16D3839100447982 /* SinaWeibo.bundle in Resources */,
			);
			runOnlyForDeploymentPostprocessing = 0;
		};
/* End PBXResourcesBuildPhase section */

/* Begin PBXSourcesBuildPhase section */
		6DF7DBE616D375D500447982 /* Sources */ = {
			isa = PBXSourcesBuildPhase;
			buildActionMask = 2147483647;
			files = (
				6DF7DBFB16D375D500447982 /* main.m in Sources */,
				6DF7DBFF16D375D500447982 /* AppDelegate.m in Sources */,
				6DF7DF8716D3770300447982 /* EGORefreshTableFooterView.m in Sources */,
				6DF7DF8816D3770300447982 /* EGORefreshTableHeaderView.m in Sources */,
				6DF7DF8D16D3770300447982 /* NSObject+JSON.m in Sources */,
				6DF7DF8E16D3770300447982 /* NSString+URLEncoding.m in Sources */,
				6DF7DF8F16D3770300447982 /* SBJsonParser.m in Sources */,
				6DF7DF9016D3770300447982 /* SBJsonStreamParser.m in Sources */,
				6DF7DF9116D3770300447982 /* SBJsonStreamParserAdapter.m in Sources */,
				6DF7DF9216D3770300447982 /* SBJsonStreamParserState.m in Sources */,
				6DF7DF9316D3770300447982 /* SBJsonStreamWriter.m in Sources */,
				6DF7DF9416D3770300447982 /* SBJsonStreamWriterState.m in Sources */,
				6DF7DF9516D3770300447982 /* SBJsonTokeniser.m in Sources */,
				6DF7DF9616D3770300447982 /* SBJsonWriter.m in Sources */,
				6DF7DFA616D3770300447982 /* MBProgressHUD.m in Sources */,
				6DF7E02E16D3796100447982 /* NetImageView.m in Sources */,
				6DF7E03216D3797700447982 /* MainViewController.m in Sources */,
				6DF7E04516D3798500447982 /* ArticleDetailViewController.m in Sources */,
				6DF7E04616D3798500447982 /* ImageLoopView.m in Sources */,
				6DF7E04716D3798500447982 /* PagerIndicatorViewController.m in Sources */,
				6DF7E04816D3798500447982 /* UIView+FindUIViewController.m in Sources */,
				6DF7E04916D3798500447982 /* JiZheViewController.m in Sources */,
				6DF7E04A16D3798500447982 /* MingXingViewController.m in Sources */,
				6DF7E04B16D3798500447982 /* ShareViewController.m in Sources */,
				6DF7E04C16D3798500447982 /* YeJieViewController.m in Sources */,
				6DF7E05516D37A1700447982 /* BaseViewController.m in Sources */,
				6DF7E06C16D382E000447982 /* ASIAuthenticationDialog.m in Sources */,
				6DF7E06D16D382E000447982 /* ASIDataCompressor.m in Sources */,
				6DF7E06E16D382E000447982 /* ASIDataDecompressor.m in Sources */,
				6DF7E06F16D382E000447982 /* ASIDownloadCache.m in Sources */,
				6DF7E07016D382E000447982 /* ASIFormDataRequest.m in Sources */,
				6DF7E07116D382E000447982 /* ASIHTTPRequest.m in Sources */,
				6DF7E07216D382E000447982 /* ASIInputStream.m in Sources */,
				6DF7E07316D382E000447982 /* ASINetworkQueue.m in Sources */,
				6DF7E07416D382E000447982 /* Reachability.m in Sources */,
				6DF7E07F16D3839100447982 /* SinaWeibo.m in Sources */,
				6DF7E08016D3839100447982 /* SinaWeiboAuthorizeView.m in Sources */,
				6DF7E08116D3839100447982 /* SinaWeiboRequest.m in Sources */,
				6DF7E08516D3841200447982 /* JSONKit.m in Sources */,
				6D94A24516D47CFC00F022FF /* SetupViewController.m in Sources */,
				6D94A25816D4D56700F022FF /* DCRoundSwitch.m in Sources */,
				6D94A25916D4D56700F022FF /* DCRoundSwitchKnobLayer.m in Sources */,
				6D94A25A16D4D56700F022FF /* DCRoundSwitchOutlineLayer.m in Sources */,
				6D94A25B16D4D56700F022FF /* DCRoundSwitchToggleLayer.m in Sources */,
			);
			runOnlyForDeploymentPostprocessing = 0;
		};
/* End PBXSourcesBuildPhase section */

/* Begin PBXVariantGroup section */
		6DF7DBF716D375D500447982 /* InfoPlist.strings */ = {
			isa = PBXVariantGroup;
			children = (
				6DF7DBF816D375D500447982 /* en */,
			);
			name = InfoPlist.strings;
			sourceTree = "<group>";
		};
/* End PBXVariantGroup section */

/* Begin XCBuildConfiguration section */
		6DF7DC0616D375D500447982 /* Debug */ = {
			isa = XCBuildConfiguration;
			buildSettings = {
				ALWAYS_SEARCH_USER_PATHS = NO;
				CLANG_CXX_LANGUAGE_STANDARD = "gnu++0x";
				CLANG_CXX_LIBRARY = "libc++";
				CLANG_WARN_EMPTY_BODY = YES;
				CLANG_WARN__DUPLICATE_METHOD_MATCH = YES;
				"CODE_SIGN_IDENTITY[sdk=iphoneos*]" = "iPhone Developer";
				COPY_PHASE_STRIP = NO;
				GCC_C_LANGUAGE_STANDARD = gnu99;
				GCC_DYNAMIC_NO_PIC = NO;
				GCC_OPTIMIZATION_LEVEL = 0;
				GCC_PREPROCESSOR_DEFINITIONS = (
					"DEBUG=1",
					"$(inherited)",
				);
				GCC_SYMBOLS_PRIVATE_EXTERN = NO;
				GCC_WARN_ABOUT_RETURN_TYPE = YES;
				GCC_WARN_UNINITIALIZED_AUTOS = YES;
				GCC_WARN_UNUSED_VARIABLE = YES;
				IPHONEOS_DEPLOYMENT_TARGET = 6.0;
				ONLY_ACTIVE_ARCH = YES;
				SDKROOT = iphoneos;
			};
			name = Debug;
		};
		6DF7DC0716D375D500447982 /* Release */ = {
			isa = XCBuildConfiguration;
			buildSettings = {
				ALWAYS_SEARCH_USER_PATHS = NO;
				CLANG_CXX_LANGUAGE_STANDARD = "gnu++0x";
				CLANG_CXX_LIBRARY = "libc++";
				CLANG_WARN_EMPTY_BODY = YES;
				CLANG_WARN__DUPLICATE_METHOD_MATCH = YES;
				"CODE_SIGN_IDENTITY[sdk=iphoneos*]" = "iPhone Developer";
				COPY_PHASE_STRIP = YES;
				GCC_C_LANGUAGE_STANDARD = gnu99;
				GCC_WARN_ABOUT_RETURN_TYPE = YES;
				GCC_WARN_UNINITIALIZED_AUTOS = YES;
				GCC_WARN_UNUSED_VARIABLE = YES;
				IPHONEOS_DEPLOYMENT_TARGET = 6.0;
				OTHER_CFLAGS = "-DNS_BLOCK_ASSERTIONS=1";
				SDKROOT = iphoneos;
				VALIDATE_PRODUCT = YES;
			};
			name = Release;
		};
		6DF7DC0916D375D500447982 /* Debug */ = {
			isa = XCBuildConfiguration;
			buildSettings = {
				GCC_PRECOMPILE_PREFIX_HEADER = YES;
				GCC_PREFIX_HEADER = "fansbaguabang/fansbaguabang-Prefix.pch";
				INFOPLIST_FILE = "fansbaguabang/fansbaguabang-Info.plist";
				LIBRARY_SEARCH_PATHS = (
					"$(inherited)",
					"\"$(SRCROOT)/fansbaguabang/extlibs/weixin\"",
					"\"$(SRCROOT)/fansbaguabang/extlibs/ZBarSDK\"",
					"\"$(SRCROOT)/extlibs/weixin\"",
					"\"$(SRCROOT)/extlibs/ZBarSDK\"",
				);
				PRODUCT_NAME = "$(TARGET_NAME)";
				WRAPPER_EXTENSION = app;
			};
			name = Debug;
		};
		6DF7DC0A16D375D500447982 /* Release */ = {
			isa = XCBuildConfiguration;
			buildSettings = {
				GCC_PRECOMPILE_PREFIX_HEADER = YES;
				GCC_PREFIX_HEADER = "fansbaguabang/fansbaguabang-Prefix.pch";
				INFOPLIST_FILE = "fansbaguabang/fansbaguabang-Info.plist";
				LIBRARY_SEARCH_PATHS = (
					"$(inherited)",
					"\"$(SRCROOT)/fansbaguabang/extlibs/weixin\"",
					"\"$(SRCROOT)/fansbaguabang/extlibs/ZBarSDK\"",
					"\"$(SRCROOT)/extlibs/weixin\"",
					"\"$(SRCROOT)/extlibs/ZBarSDK\"",
				);
				PRODUCT_NAME = "$(TARGET_NAME)";
				WRAPPER_EXTENSION = app;
			};
			name = Release;
		};
/* End XCBuildConfiguration section */

/* Begin XCConfigurationList section */
		6DF7DBE416D375D500447982 /* Build configuration list for PBXProject "fansbaguabang" */ = {
			isa = XCConfigurationList;
			buildConfigurations = (
				6DF7DC0616D375D500447982 /* Debug */,
				6DF7DC0716D375D500447982 /* Release */,
			);
			defaultConfigurationIsVisible = 0;
			defaultConfigurationName = Release;
		};
		6DF7DC0816D375D500447982 /* Build configuration list for PBXNativeTarget "fansbaguabang" */ = {
			isa = XCConfigurationList;
			buildConfigurations = (
				6DF7DC0916D375D500447982 /* Debug */,
				6DF7DC0A16D375D500447982 /* Release */,
			);
			defaultConfigurationIsVisible = 0;
			defaultConfigurationName = Release;
		};
/* End XCConfigurationList section */
	};
	rootObject = 6DF7DBE116D375D500447982 /* Project object */;
}
